
Microsoft Visual Studio Solution File, Format Version 12.00
# Visual Studio Version 16
VisualStudioVersion = 16.0.30523.141
MinimumVisualStudioVersion = 10.0.40219.1
Project("{9A19103F-16F7-4668-BE54-9A1E7A4F7556}") = "FanWebPageRedone", "FanWebPageRedone\FanWebPageRedone.csproj", "{36207FB9-C842-480B-B96D-599F5CF0D08E}"
EndProject
Project("{FAE04EC0-301F-11D3-BF4B-00C04F79EFBC}") = "Tests", "Tests\Tests.csproj", "{5BAC783D-E432-44D4-9DD1-825F4F589514}"
EndProject
Global
	GlobalSection(SolutionConfigurationPlatforms) = preSolution
		Debug|Any CPU = Debug|Any CPU
		Release|Any CPU = Release|Any CPU
	EndGlobalSection
	GlobalSection(ProjectConfigurationPlatforms) = postSolution
		{36207FB9-C842-480B-B96D-599F5CF0D08E}.Debug|Any CPU.ActiveCfg = Debug|Any CPU
		{36207FB9-C842-480B-B96D-599F5CF0D08E}.Debug|Any CPU.Build.0 = Debug|Any CPU
		{36207FB9-C842-480B-B96D-599F5CF0D08E}.Release|Any CPU.ActiveCfg = Release|Any CPU
		{36207FB9-C842-480B-B96D-599F5CF0D08E}.Release|Any CPU.Build.0 = Release|Any CPU
		{5BAC783D-E432-44D4-9DD1-825F4F589514}.Debug|Any CPU.ActiveCfg = Debug|Any CPU
		{5BAC783D-E432-44D4-9DD1-825F4F589514}.Debug|Any CPU.Build.0 = Debug|Any CPU
		{5BAC783D-E432-44D4-9DD1-825F4F589514}.Release|Any CPU.ActiveCfg = Release|Any CPU
		{5BAC783D-E432-44D4-9DD1-825F4F589514}.Release|Any CPU.Build.0 = Release|Any CPU
	EndGlobalSection
	GlobalSection(SolutionProperties) = preSolution
		HideSolutionNode = FALSE
	EndGlobalSection
	GlobalSection(ExtensibilityGlobals) = postSolution
		SolutionGuid = {5A88E91F-6721-49A0-85B5-7F8979A7593D}
	EndGlobalSection
EndGlobal
